
Microsoft Visual Studio Solution File, Format Version 12.00
# Visual Studio Version 16
VisualStudioVersion = 16.0.29102.190
MinimumVisualStudioVersion = 10.0.40219.1
Project("{FAE04EC0-301F-11D3-BF4B-00C04F79EFBC}") = "Game", "Game\Game.csproj", "{B2120D75-C155-4748-B7EF-662AE47518F3}"
EndProject
Global
	GlobalSection(SolutionConfigurationPlatforms) = preSolution
		Debug|Any CPU = Debug|Any CPU
		Release|Any CPU = Release|Any CPU
	EndGlobalSection
	GlobalSection(ProjectConfigurationPlatforms) = postSolution
		{B2120D75-C155-4748-B7EF-662AE47518F3}.Debug|Any CPU.ActiveCfg = Debug|Any CPU
		{B2120D75-C155-4748-B7EF-662AE47518F3}.Debug|Any CPU.Build.0 = Debug|Any CPU
		{B2120D75-C155-4748-B7EF-662AE47518F3}.Release|Any CPU.ActiveCfg = Release|Any CPU
		{B2120D75-C155-4748-B7EF-662AE47518F3}.Release|Any CPU.Build.0 = Release|Any CPU
	EndGlobalSection
	GlobalSection(SolutionProperties) = preSolution
		HideSolutionNode = FALSE
	EndGlobalSection
	GlobalSection(ExtensibilityGlobals) = postSolution
		SolutionGuid = {8C391D9E-0177-4D24-971E-26A2A3C473F1}
	EndGlobalSection
EndGlobal
